// !$*UTF8*$!
{
	archiveVersion = 1;
	classes = {
	};
	objectVersion = 56;
	objects = {

/* Begin PBXBuildFile section */
		84ACC1A02AF1363C000C6E57 /* main.cpp in Sources */ = {isa = PBXBuildFile; fileRef = 84ACC19F2AF1363C000C6E57 /* main.cpp */; };
		84ACC1A92AF13718000C6E57 /* Libraries.h in Sources */ = {isa = PBXBuildFile; fileRef = 84ACC1A82AF136EF000C6E57 /* Libraries.h */; };
		84ACC1AB2AF13736000C6E57 /* GlMenu.cpp in Sources */ = {isa = PBXBuildFile; fileRef = 84ACC1AA2AF13736000C6E57 /* GlMenu.cpp */; };
		84ACC1AD2AF137BD000C6E57 /* Prototypes.h in Sources */ = {isa = PBXBuildFile; fileRef = 84ACC1AC2AF13768000C6E57 /* Prototypes.h */; };
		84ACC1AF2AF266F0000C6E57 /* TypeInput.cpp in Sources */ = {isa = PBXBuildFile; fileRef = 84ACC1AE2AF266F0000C6E57 /* TypeInput.cpp */; };
		84ACC1B12AF268EB000C6E57 /* ConfirmationOperation.cpp in Sources */ = {isa = PBXBuildFile; fileRef = 84ACC1B02AF268EB000C6E57 /* ConfirmationOperation.cpp */; };
		84ACC1B32AF269C3000C6E57 /* TextContent.cpp in Sources */ = {isa = PBXBuildFile; fileRef = 84ACC1B22AF269C3000C6E57 /* TextContent.cpp */; };
		84ACC1B72AF26FCB000C6E57 /* TypeStartEx1.cpp in Sources */ = {isa = PBXBuildFile; fileRef = 84ACC1B62AF26FCB000C6E57 /* TypeStartEx1.cpp */; };
		84ACC1B92AF2706D000C6E57 /* InputOperationsEx1.cpp in Sources */ = {isa = PBXBuildFile; fileRef = 84ACC1B82AF2706D000C6E57 /* InputOperationsEx1.cpp */; };
		84ACC1BB2AF270C5000C6E57 /* CheckInput.cpp in Sources */ = {isa = PBXBuildFile; fileRef = 84ACC1BA2AF270C5000C6E57 /* CheckInput.cpp */; };
		84ACC1BD2AF4EA60000C6E57 /* OperationTemplatesEx1.h in Sources */ = {isa = PBXBuildFile; fileRef = 84ACC1BC2AF4E819000C6E57 /* OperationTemplatesEx1.h */; };
		84ACC1C12AF58FBA000C6E57 /* IsPosibleOperationEx1.cpp in Sources */ = {isa = PBXBuildFile; fileRef = 84ACC1C02AF58FBA000C6E57 /* IsPosibleOperationEx1.cpp */; };
		84ACC1C52AF68213000C6E57 /* ControlTemplatesEx1.h in Sources */ = {isa = PBXBuildFile; fileRef = 84ACC1C22AF67BE4000C6E57 /* ControlTemplatesEx1.h */; };
		84ACC1C62AF68213000C6E57 /* IsPosibleOperationsEx1.h in Sources */ = {isa = PBXBuildFile; fileRef = 84ACC1C42AF67F86000C6E57 /* IsPosibleOperationsEx1.h */; };
		84ACC1C72AF68217000C6E57 /* TemplatesLibraries.h in Sources */ = {isa = PBXBuildFile; fileRef = 84ACC1C32AF67C21000C6E57 /* TemplatesLibraries.h */; };
/* End PBXBuildFile section */

/* Begin PBXCopyFilesBuildPhase section */
		84ACC19A2AF1363C000C6E57 /* CopyFiles */ = {
			isa = PBXCopyFilesBuildPhase;
			buildActionMask = 2147483647;
			dstPath = /usr/share/man/man1/;
			dstSubfolderSpec = 0;
			files = (
			);
			runOnlyForDeploymentPostprocessing = 1;
		};
/* End PBXCopyFilesBuildPhase section */

/* Begin PBXFileReference section */
		84ACC19C2AF1363C000C6E57 /* ProtoType2 */ = {isa = PBXFileReference; explicitFileType = "compiled.mach-o.executable"; includeInIndex = 0; path = ProtoType2; sourceTree = BUILT_PRODUCTS_DIR; };
		84ACC19F2AF1363C000C6E57 /* main.cpp */ = {isa = PBXFileReference; lastKnownFileType = sourcecode.cpp.cpp; path = main.cpp; sourceTree = "<group>"; };
		84ACC1A82AF136EF000C6E57 /* Libraries.h */ = {isa = PBXFileReference; lastKnownFileType = sourcecode.c.h; path = Libraries.h; sourceTree = "<group>"; };
		84ACC1AA2AF13736000C6E57 /* GlMenu.cpp */ = {isa = PBXFileReference; lastKnownFileType = sourcecode.cpp.cpp; path = GlMenu.cpp; sourceTree = "<group>"; };
		84ACC1AC2AF13768000C6E57 /* Prototypes.h */ = {isa = PBXFileReference; lastKnownFileType = sourcecode.c.h; path = Prototypes.h; sourceTree = "<group>"; };
		84ACC1AE2AF266F0000C6E57 /* TypeInput.cpp */ = {isa = PBXFileReference; lastKnownFileType = sourcecode.cpp.cpp; path = TypeInput.cpp; sourceTree = "<group>"; };
		84ACC1B02AF268EB000C6E57 /* ConfirmationOperation.cpp */ = {isa = PBXFileReference; lastKnownFileType = sourcecode.cpp.cpp; path = ConfirmationOperation.cpp; sourceTree = "<group>"; };
		84ACC1B22AF269C3000C6E57 /* TextContent.cpp */ = {isa = PBXFileReference; lastKnownFileType = sourcecode.cpp.cpp; path = TextContent.cpp; sourceTree = "<group>"; };
		84ACC1B62AF26FCB000C6E57 /* TypeStartEx1.cpp */ = {isa = PBXFileReference; lastKnownFileType = sourcecode.cpp.cpp; path = TypeStartEx1.cpp; sourceTree = "<group>"; };
		84ACC1B82AF2706D000C6E57 /* InputOperationsEx1.cpp */ = {isa = PBXFileReference; lastKnownFileType = sourcecode.cpp.cpp; path = InputOperationsEx1.cpp; sourceTree = "<group>"; };
		84ACC1BA2AF270C5000C6E57 /* CheckInput.cpp */ = {isa = PBXFileReference; lastKnownFileType = sourcecode.cpp.cpp; path = CheckInput.cpp; sourceTree = "<group>"; };
		84ACC1BC2AF4E819000C6E57 /* OperationTemplatesEx1.h */ = {isa = PBXFileReference; lastKnownFileType = sourcecode.c.h; path = OperationTemplatesEx1.h; sourceTree = "<group>"; };
		84ACC1C02AF58FBA000C6E57 /* IsPosibleOperationEx1.cpp */ = {isa = PBXFileReference; lastKnownFileType = sourcecode.cpp.cpp; path = IsPosibleOperationEx1.cpp; sourceTree = "<group>"; };
		84ACC1C22AF67BE4000C6E57 /* ControlTemplatesEx1.h */ = {isa = PBXFileReference; lastKnownFileType = sourcecode.c.h; path = ControlTemplatesEx1.h; sourceTree = "<group>"; };
		84ACC1C32AF67C21000C6E57 /* TemplatesLibraries.h */ = {isa = PBXFileReference; lastKnownFileType = sourcecode.c.h; path = TemplatesLibraries.h; sourceTree = "<group>"; };
		84ACC1C42AF67F86000C6E57 /* IsPosibleOperationsEx1.h */ = {isa = PBXFileReference; lastKnownFileType = sourcecode.c.h; path = IsPosibleOperationsEx1.h; sourceTree = "<group>"; };
/* End PBXFileReference section */

/* Begin PBXFrameworksBuildPhase section */
		84ACC1992AF1363C000C6E57 /* Frameworks */ = {
			isa = PBXFrameworksBuildPhase;
			buildActionMask = 2147483647;
			files = (
			);
			runOnlyForDeploymentPostprocessing = 0;
		};
/* End PBXFrameworksBuildPhase section */

/* Begin PBXGroup section */
		84ACC1932AF1363C000C6E57 = {
			isa = PBXGroup;
			children = (
				84ACC19E2AF1363C000C6E57 /* ProtoType2 */,
				84ACC19D2AF1363C000C6E57 /* Products */,
			);
			sourceTree = "<group>";
		};
		84ACC19D2AF1363C000C6E57 /* Products */ = {
			isa = PBXGroup;
			children = (
				84ACC19C2AF1363C000C6E57 /* ProtoType2 */,
			);
			name = Products;
			sourceTree = "<group>";
		};
		84ACC19E2AF1363C000C6E57 /* ProtoType2 */ = {
			isa = PBXGroup;
			children = (
				84ACC1A72AF136C7000C6E57 /* Sourses */,
				84ACC1A62AF1368A000C6E57 /* Header */,
			);
			path = ProtoType2;
			sourceTree = "<group>";
		};
		84ACC1A62AF1368A000C6E57 /* Header */ = {
			isa = PBXGroup;
			children = (
				84ACC1A82AF136EF000C6E57 /* Libraries.h */,
				84ACC1AC2AF13768000C6E57 /* Prototypes.h */,
				84ACC1C32AF67C21000C6E57 /* TemplatesLibraries.h */,
				84ACC1BF2AF58C9C000C6E57 /* Templates */,
			);
			path = Header;
			sourceTree = "<group>";
		};
		84ACC1A72AF136C7000C6E57 /* Sourses */ = {
			isa = PBXGroup;
			children = (
				84ACC1C82AF68270000C6E57 /* New Group */,
				84ACC1B42AF26D00000C6E57 /* Menu */,
				84ACC1B52AF26D3D000C6E57 /* Ex_1 */,
			);
			path = Sourses;
			sourceTree = "<group>";
		};
		84ACC1B42AF26D00000C6E57 /* Menu */ = {
			isa = PBXGroup;
			children = (
				84ACC19F2AF1363C000C6E57 /* main.cpp */,
				84ACC1AA2AF13736000C6E57 /* GlMenu.cpp */,
				84ACC1AE2AF266F0000C6E57 /* TypeInput.cpp */,
				84ACC1B02AF268EB000C6E57 /* ConfirmationOperation.cpp */,
				84ACC1B22AF269C3000C6E57 /* TextContent.cpp */,
			);
			path = Menu;
			sourceTree = "<group>";
		};
		84ACC1B52AF26D3D000C6E57 /* Ex_1 */ = {
			isa = PBXGroup;
			children = (
				84ACC1B62AF26FCB000C6E57 /* TypeStartEx1.cpp */,
				84ACC1B82AF2706D000C6E57 /* InputOperationsEx1.cpp */,
				84ACC1C02AF58FBA000C6E57 /* IsPosibleOperationEx1.cpp */,
				84ACC1BA2AF270C5000C6E57 /* CheckInput.cpp */,
			);
			path = Ex_1;
			sourceTree = "<group>";
		};
		84ACC1BF2AF58C9C000C6E57 /* Templates */ = {
			isa = PBXGroup;
			children = (
				84ACC1C22AF67BE4000C6E57 /* ControlTemplatesEx1.h */,
				84ACC1BC2AF4E819000C6E57 /* OperationTemplatesEx1.h */,
				84ACC1C42AF67F86000C6E57 /* IsPosibleOperationsEx1.h */,
			);
			path = Templates;
			sourceTree = "<group>";
		};
		84ACC1C82AF68270000C6E57 /* New Group */ = {
			isa = PBXGroup;
			children = (
			);
			path = "New Group";
			sourceTree = "<group>";
		};
/* End PBXGroup section */

/* Begin PBXNativeTarget section */
		84ACC19B2AF1363C000C6E57 /* ProtoType2 */ = {
			isa = PBXNativeTarget;
			buildConfigurationList = 84ACC1A32AF1363C000C6E57 /* Build configuration list for PBXNativeTarget "ProtoType2" */;
			buildPhases = (
				84ACC1982AF1363C000C6E57 /* Sources */,
				84ACC1992AF1363C000C6E57 /* Frameworks */,
				84ACC19A2AF1363C000C6E57 /* CopyFiles */,
			);
			buildRules = (
			);
			dependencies = (
			);
			name = ProtoType2;
			productName = ProtoType2;
			productReference = 84ACC19C2AF1363C000C6E57 /* ProtoType2 */;
			productType = "com.apple.product-type.tool";
		};
/* End PBXNativeTarget section */

/* Begin PBXProject section */
		84ACC1942AF1363C000C6E57 /* Project object */ = {
			isa = PBXProject;
			attributes = {
				BuildIndependentTargetsInParallel = 1;
				LastUpgradeCheck = 1400;
				TargetAttributes = {
					84ACC19B2AF1363C000C6E57 = {
						CreatedOnToolsVersion = 14.0;
					};
				};
			};
			buildConfigurationList = 84ACC1972AF1363C000C6E57 /* Build configuration list for PBXProject "ProtoType2" */;
			compatibilityVersion = "Xcode 14.0";
			developmentRegion = en;
			hasScannedForEncodings = 0;
			knownRegions = (
				en,
				Base,
			);
			mainGroup = 84ACC1932AF1363C000C6E57;
			productRefGroup = 84ACC19D2AF1363C000C6E57 /* Products */;
			projectDirPath = "";
			projectRoot = "";
			targets = (
				84ACC19B2AF1363C000C6E57 /* ProtoType2 */,
			);
		};
/* End PBXProject section */

/* Begin PBXSourcesBuildPhase section */
		84ACC1982AF1363C000C6E57 /* Sources */ = {
			isa = PBXSourcesBuildPhase;
			buildActionMask = 2147483647;
			files = (
				84ACC1C72AF68217000C6E57 /* TemplatesLibraries.h in Sources */,
				84ACC1C52AF68213000C6E57 /* ControlTemplatesEx1.h in Sources */,
				84ACC1C62AF68213000C6E57 /* IsPosibleOperationsEx1.h in Sources */,
				84ACC1BD2AF4EA60000C6E57 /* OperationTemplatesEx1.h in Sources */,
				84ACC1AD2AF137BD000C6E57 /* Prototypes.h in Sources */,
				84ACC1A92AF13718000C6E57 /* Libraries.h in Sources */,
				84ACC1AB2AF13736000C6E57 /* GlMenu.cpp in Sources */,
				84ACC1B92AF2706D000C6E57 /* InputOperationsEx1.cpp in Sources */,
				84ACC1A02AF1363C000C6E57 /* main.cpp in Sources */,
				84ACC1C12AF58FBA000C6E57 /* IsPosibleOperationEx1.cpp in Sources */,
				84ACC1B12AF268EB000C6E57 /* ConfirmationOperation.cpp in Sources */,
				84ACC1B32AF269C3000C6E57 /* TextContent.cpp in Sources */,
				84ACC1B72AF26FCB000C6E57 /* TypeStartEx1.cpp in Sources */,
				84ACC1BB2AF270C5000C6E57 /* CheckInput.cpp in Sources */,
				84ACC1AF2AF266F0000C6E57 /* TypeInput.cpp in Sources */,
			);
			runOnlyForDeploymentPostprocessing = 0;
		};
/* End PBXSourcesBuildPhase section */

/* Begin XCBuildConfiguration section */
		84ACC1A12AF1363C000C6E57 /* Debug */ = {
			isa = XCBuildConfiguration;
			buildSettings = {
				ALWAYS_SEARCH_USER_PATHS = NO;
				CLANG_ANALYZER_NONNULL = YES;
				CLANG_ANALYZER_NUMBER_OBJECT_CONVERSION = YES_AGGRESSIVE;
				CLANG_CXX_LANGUAGE_STANDARD = "gnu++20";
				CLANG_ENABLE_MODULES = YES;
				CLANG_ENABLE_OBJC_ARC = YES;
				CLANG_ENABLE_OBJC_WEAK = YES;
				CLANG_WARN_BLOCK_CAPTURE_AUTORELEASING = YES;
				CLANG_WARN_BOOL_CONVERSION = YES;
				CLANG_WARN_COMMA = YES;
				CLANG_WARN_CONSTANT_CONVERSION = YES;
				CLANG_WARN_DEPRECATED_OBJC_IMPLEMENTATIONS = YES;
				CLANG_WARN_DIRECT_OBJC_ISA_USAGE = YES_ERROR;
				CLANG_WARN_DOCUMENTATION_COMMENTS = YES;
				CLANG_WARN_EMPTY_BODY = YES;
				CLANG_WARN_ENUM_CONVERSION = YES;
				CLANG_WARN_INFINITE_RECURSION = YES;
				CLANG_WARN_INT_CONVERSION = YES;
				CLANG_WARN_NON_LITERAL_NULL_CONVERSION = YES;
				CLANG_WARN_OBJC_IMPLICIT_RETAIN_SELF = YES;
				CLANG_WARN_OBJC_LITERAL_CONVERSION = YES;
				CLANG_WARN_OBJC_ROOT_CLASS = YES_ERROR;
				CLANG_WARN_QUOTED_INCLUDE_IN_FRAMEWORK_HEADER = YES;
				CLANG_WARN_RANGE_LOOP_ANALYSIS = YES;
				CLANG_WARN_STRICT_PROTOTYPES = YES;
				CLANG_WARN_SUSPICIOUS_MOVE = YES;
				CLANG_WARN_UNGUARDED_AVAILABILITY = YES_AGGRESSIVE;
				CLANG_WARN_UNREACHABLE_CODE = YES;
				CLANG_WARN__DUPLICATE_METHOD_MATCH = YES;
				COPY_PHASE_STRIP = NO;
				DEBUG_INFORMATION_FORMAT = dwarf;
				ENABLE_STRICT_OBJC_MSGSEND = YES;
				ENABLE_TESTABILITY = YES;
				GCC_C_LANGUAGE_STANDARD = gnu11;
				GCC_DYNAMIC_NO_PIC = NO;
				GCC_NO_COMMON_BLOCKS = YES;
				GCC_OPTIMIZATION_LEVEL = 0;
				GCC_PREPROCESSOR_DEFINITIONS = (
					"DEBUG=1",
					"$(inherited)",
				);
				GCC_WARN_64_TO_32_BIT_CONVERSION = YES;
				GCC_WARN_ABOUT_RETURN_TYPE = YES_ERROR;
				GCC_WARN_UNDECLARED_SELECTOR = YES;
				GCC_WARN_UNINITIALIZED_AUTOS = YES_AGGRESSIVE;
				GCC_WARN_UNUSED_FUNCTION = YES;
				GCC_WARN_UNUSED_VARIABLE = YES;
				MACOSX_DEPLOYMENT_TARGET = 12.3;
				MTL_ENABLE_DEBUG_INFO = INCLUDE_SOURCE;
				MTL_FAST_MATH = YES;
				ONLY_ACTIVE_ARCH = YES;
				SDKROOT = macosx;
			};
			name = Debug;
		};
		84ACC1A22AF1363C000C6E57 /* Release */ = {
			isa = XCBuildConfiguration;
			buildSettings = {
				ALWAYS_SEARCH_USER_PATHS = NO;
				CLANG_ANALYZER_NONNULL = YES;
				CLANG_ANALYZER_NUMBER_OBJECT_CONVERSION = YES_AGGRESSIVE;
				CLANG_CXX_LANGUAGE_STANDARD = "gnu++20";
				CLANG_ENABLE_MODULES = YES;
				CLANG_ENABLE_OBJC_ARC = YES;
				CLANG_ENABLE_OBJC_WEAK = YES;
				CLANG_WARN_BLOCK_CAPTURE_AUTORELEASING = YES;
				CLANG_WARN_BOOL_CONVERSION = YES;
				CLANG_WARN_COMMA = YES;
				CLANG_WARN_CONSTANT_CONVERSION = YES;
				CLANG_WARN_DEPRECATED_OBJC_IMPLEMENTATIONS = YES;
				CLANG_WARN_DIRECT_OBJC_ISA_USAGE = YES_ERROR;
				CLANG_WARN_DOCUMENTATION_COMMENTS = YES;
				CLANG_WARN_EMPTY_BODY = YES;
				CLANG_WARN_ENUM_CONVERSION = YES;
				CLANG_WARN_INFINITE_RECURSION = YES;
				CLANG_WARN_INT_CONVERSION = YES;
				CLANG_WARN_NON_LITERAL_NULL_CONVERSION = YES;
				CLANG_WARN_OBJC_IMPLICIT_RETAIN_SELF = YES;
				CLANG_WARN_OBJC_LITERAL_CONVERSION = YES;
				CLANG_WARN_OBJC_ROOT_CLASS = YES_ERROR;
				CLANG_WARN_QUOTED_INCLUDE_IN_FRAMEWORK_HEADER = YES;
				CLANG_WARN_RANGE_LOOP_ANALYSIS = YES;
				CLANG_WARN_STRICT_PROTOTYPES = YES;
				CLANG_WARN_SUSPICIOUS_MOVE = YES;
				CLANG_WARN_UNGUARDED_AVAILABILITY = YES_AGGRESSIVE;
				CLANG_WARN_UNREACHABLE_CODE = YES;
				CLANG_WARN__DUPLICATE_METHOD_MATCH = YES;
				COPY_PHASE_STRIP = NO;
				DEBUG_INFORMATION_FORMAT = "dwarf-with-dsym";
				ENABLE_NS_ASSERTIONS = NO;
				ENABLE_STRICT_OBJC_MSGSEND = YES;
				GCC_C_LANGUAGE_STANDARD = gnu11;
				GCC_NO_COMMON_BLOCKS = YES;
				GCC_WARN_64_TO_32_BIT_CONVERSION = YES;
				GCC_WARN_ABOUT_RETURN_TYPE = YES_ERROR;
				GCC_WARN_UNDECLARED_SELECTOR = YES;
				GCC_WARN_UNINITIALIZED_AUTOS = YES_AGGRESSIVE;
				GCC_WARN_UNUSED_FUNCTION = YES;
				GCC_WARN_UNUSED_VARIABLE = YES;
				MACOSX_DEPLOYMENT_TARGET = 12.3;
				MTL_ENABLE_DEBUG_INFO = NO;
				MTL_FAST_MATH = YES;
				SDKROOT = macosx;
			};
			name = Release;
		};
		84ACC1A42AF1363C000C6E57 /* Debug */ = {
			isa = XCBuildConfiguration;
			buildSettings = {
				CODE_SIGN_STYLE = Automatic;
				PRODUCT_NAME = "$(TARGET_NAME)";
			};
			name = Debug;
		};
		84ACC1A52AF1363C000C6E57 /* Release */ = {
			isa = XCBuildConfiguration;
			buildSettings = {
				CODE_SIGN_STYLE = Automatic;
				PRODUCT_NAME = "$(TARGET_NAME)";
			};
			name = Release;
		};
/* End XCBuildConfiguration section */

/* Begin XCConfigurationList section */
		84ACC1972AF1363C000C6E57 /* Build configuration list for PBXProject "ProtoType2" */ = {
			isa = XCConfigurationList;
			buildConfigurations = (
				84ACC1A12AF1363C000C6E57 /* Debug */,
				84ACC1A22AF1363C000C6E57 /* Release */,
			);
			defaultConfigurationIsVisible = 0;
			defaultConfigurationName = Release;
		};
		84ACC1A32AF1363C000C6E57 /* Build configuration list for PBXNativeTarget "ProtoType2" */ = {
			isa = XCConfigurationList;
			buildConfigurations = (
				84ACC1A42AF1363C000C6E57 /* Debug */,
				84ACC1A52AF1363C000C6E57 /* Release */,
			);
			defaultConfigurationIsVisible = 0;
			defaultConfigurationName = Release;
		};
/* End XCConfigurationList section */
	};
	rootObject = 84ACC1942AF1363C000C6E57 /* Project object */;
}
